Microsoft Visual Studio Solution File, Format Version 11.00
# Visual Studio 2010
Project("{FAE04EC0-301F-11D3-BF4B-00C04F79EFBC}") = "DevExpress.Xpf.Themes.Office2019White", "DevExpress.Xpf.Themes.Office2019White.csproj", "3b9b484f-2998-3882-b314-b60e40303857"
EndProject
Global
    GlobalSection(SolutionConfigurationPlatforms) = preSolution
        Debug|Any CPU = Debug|Any CPU
		DebugTest|Any CPU = DebugTest|Any CPU
        Release|Any CPU = Release|Any CPU
    EndGlobalSection
    GlobalSection(ProjectConfigurationPlatforms) = postSolution
        3b9b484f-2998-3882-b314-b60e40303857.Debug|Any CPU.ActiveCfg = Debug|Any CPU
        3b9b484f-2998-3882-b314-b60e40303857.Debug|Any CPU.Build.0 = Debug|Any CPU
		3b9b484f-2998-3882-b314-b60e40303857.DebugTest|Any CPU.ActiveCfg = DebugTest|Any CPU
		3b9b484f-2998-3882-b314-b60e40303857.DebugTest|Any CPU.Build.0 = DebugTest|Any CPU
        3b9b484f-2998-3882-b314-b60e40303857.Release|Any CPU.ActiveCfg = Release|Any CPU
        3b9b484f-2998-3882-b314-b60e40303857.Release|Any CPU.Build.0 = Release|Any CPU
    EndGlobalSection
    GlobalSection(SolutionProperties) = preSolution
        HideSolutionNode = FALSE
    EndGlobalSection
EndGlobal
