Microsoft Visual Studio Solution File, Format Version 11.00
# Visual Studio 2010
Project("{FAE04EC0-301F-11D3-BF4B-00C04F79EFBC}") = "DevExpress.Xpf.Themes.Office2019White", "DevExpress.Xpf.Themes.Office2019White.csproj", "{cae17349-d6df-3ada-649c-222f6cccfadd}"
EndProject
Global
    GlobalSection(SolutionConfigurationPlatforms) = preSolution
        Debug|Any CPU = Debug|Any CPU
		DebugTest|Any CPU = DebugTest|Any CPU
        Release|Any CPU = Release|Any CPU
    EndGlobalSection
    GlobalSection(ProjectConfigurationPlatforms) = postSolution
        {cae17349-d6df-3ada-649c-222f6cccfadd}.Debug|Any CPU.ActiveCfg = Debug|Any CPU
        {cae17349-d6df-3ada-649c-222f6cccfadd}.Debug|Any CPU.Build.0 = Debug|Any CPU
		{cae17349-d6df-3ada-649c-222f6cccfadd}.DebugTest|Any CPU.ActiveCfg = DebugTest|Any CPU
		{cae17349-d6df-3ada-649c-222f6cccfadd}.DebugTest|Any CPU.Build.0 = DebugTest|Any CPU
        {cae17349-d6df-3ada-649c-222f6cccfadd}.Release|Any CPU.ActiveCfg = Release|Any CPU
        {cae17349-d6df-3ada-649c-222f6cccfadd}.Release|Any CPU.Build.0 = Release|Any CPU
    EndGlobalSection
    GlobalSection(SolutionProperties) = preSolution
        HideSolutionNode = FALSE
    EndGlobalSection
EndGlobal
